
Microsoft Visual Studio Solution File, Format Version 12.00
# Visual Studio Version 17
VisualStudioVersion = 17.13.35825.156 d17.13
MinimumVisualStudioVersion = 10.0.40219.1
Project("{FAE04EC0-301F-11D3-BF4B-00C04F79EFBC}") = "methodsHomework", "methodsHomework\methodsHomework.csproj", "{0E0BF118-DFDF-49B3-B1CB-79F038D3A5AF}"
EndProject
Global
	GlobalSection(SolutionConfigurationPlatforms) = preSolution
		Debug|Any CPU = Debug|Any CPU
		Release|Any CPU = Release|Any CPU
	EndGlobalSection
	GlobalSection(ProjectConfigurationPlatforms) = postSolution
		{0E0BF118-DFDF-49B3-B1CB-79F038D3A5AF}.Debug|Any CPU.ActiveCfg = Debug|Any CPU
		{0E0BF118-DFDF-49B3-B1CB-79F038D3A5AF}.Debug|Any CPU.Build.0 = Debug|Any CPU
		{0E0BF118-DFDF-49B3-B1CB-79F038D3A5AF}.Release|Any CPU.ActiveCfg = Release|Any CPU
		{0E0BF118-DFDF-49B3-B1CB-79F038D3A5AF}.Release|Any CPU.Build.0 = Release|Any CPU
	EndGlobalSection
	GlobalSection(SolutionProperties) = preSolution
		HideSolutionNode = FALSE
	EndGlobalSection
	GlobalSection(ExtensibilityGlobals) = postSolution
		SolutionGuid = {1CE3B68B-5217-4BEF-9B0B-CF751401B016}
	EndGlobalSection
EndGlobal
